
Microsoft Visual Studio Solution File, Format Version 12.00
# Visual Studio Version 17
VisualStudioVersion = 17.10.34916.146
MinimumVisualStudioVersion = 10.0.40219.1
Project("{8BC9CEB8-8B4A-11D0-8D11-00A0C91BC942}") = "AddContextMenu", "AddContextMenu\AddContextMenu.vcxproj", "{48297AAE-BB02-4403-99CA-EBE6533CAB6A}"
EndProject
Project("{930C7802-8A8C-48F9-8165-68863BCCD9DD}") = "Instalador", "Instalador\Instalador.wixproj", "{D2F33520-6AF5-4185-86FD-85B29F6F9D63}"
EndProject
Global
	GlobalSection(SolutionConfigurationPlatforms) = preSolution
		Debug|x64 = Debug|x64
		Debug|x86 = Debug|x86
		Release|x64 = Release|x64
		Release|x86 = Release|x86
	EndGlobalSection
	GlobalSection(ProjectConfigurationPlatforms) = postSolution
		{48297AAE-BB02-4403-99CA-EBE6533CAB6A}.Debug|x64.ActiveCfg = Debug|x64
		{48297AAE-BB02-4403-99CA-EBE6533CAB6A}.Debug|x64.Build.0 = Debug|x64
		{48297AAE-BB02-4403-99CA-EBE6533CAB6A}.Debug|x86.ActiveCfg = Debug|Win32
		{48297AAE-BB02-4403-99CA-EBE6533CAB6A}.Debug|x86.Build.0 = Debug|Win32
		{48297AAE-BB02-4403-99CA-EBE6533CAB6A}.Release|x64.ActiveCfg = Release|x64
		{48297AAE-BB02-4403-99CA-EBE6533CAB6A}.Release|x64.Build.0 = Release|x64
		{48297AAE-BB02-4403-99CA-EBE6533CAB6A}.Release|x86.ActiveCfg = Release|Win32
		{48297AAE-BB02-4403-99CA-EBE6533CAB6A}.Release|x86.Build.0 = Release|Win32
		{D2F33520-6AF5-4185-86FD-85B29F6F9D63}.Debug|x64.ActiveCfg = Debug|x86
		{D2F33520-6AF5-4185-86FD-85B29F6F9D63}.Debug|x64.Build.0 = Debug|x86
		{D2F33520-6AF5-4185-86FD-85B29F6F9D63}.Debug|x86.ActiveCfg = Debug|x86
		{D2F33520-6AF5-4185-86FD-85B29F6F9D63}.Debug|x86.Build.0 = Debug|x86
		{D2F33520-6AF5-4185-86FD-85B29F6F9D63}.Release|x64.ActiveCfg = Release|x86
		{D2F33520-6AF5-4185-86FD-85B29F6F9D63}.Release|x64.Build.0 = Release|x86
		{D2F33520-6AF5-4185-86FD-85B29F6F9D63}.Release|x86.ActiveCfg = Release|x86
		{D2F33520-6AF5-4185-86FD-85B29F6F9D63}.Release|x86.Build.0 = Release|x86
	EndGlobalSection
	GlobalSection(SolutionProperties) = preSolution
		HideSolutionNode = FALSE
	EndGlobalSection
	GlobalSection(ExtensibilityGlobals) = postSolution
		SolutionGuid = {FB5F52A8-80E1-4079-88E6-DF761C478AE8}
	EndGlobalSection
EndGlobal
