
Microsoft Visual Studio Solution File, Format Version 12.00
# Visual Studio Version 17
VisualStudioVersion = 17.10.34916.146
MinimumVisualStudioVersion = 10.0.40219.1
Project("{8BC9CEB8-8B4A-11D0-8D11-00A0C91BC942}") = "AddContextMenu", "AddContextMenu\AddContextMenu.vcxproj", "{48297AAE-BB02-4403-99CA-EBE6533CAB6A}"
EndProject
Project("{930C7802-8A8C-48F9-8165-68863BCCD9DD}") = "Instalador", "Instalador\Instalador.wixproj", "{D2F33520-6AF5-4185-86FD-85B29F6F9D63}"
	ProjectSection(ProjectDependencies) = postProject
		{58915DB0-3D7B-421E-8CED-FA2F91F2E400} = {58915DB0-3D7B-421E-8CED-FA2F91F2E400}
	EndProjectSection
EndProject
Project("{9A19103F-16F7-4668-BE54-9A1E7A4F7556}") = "UserInterface", "UserInterface\UserInterface.csproj", "{58915DB0-3D7B-421E-8CED-FA2F91F2E400}"
EndProject
Project("{888888A0-9F3D-457C-B088-3A5042F75D52}") = "PythonScript", "PythonScript\PythonScript.pyproj", "{22286225-B8E5-4D4C-9BE2-9DFC39E7BFFE}"
EndProject
Global
	GlobalSection(SolutionConfigurationPlatforms) = preSolution
		Debug|Any CPU = Debug|Any CPU
		Debug|x64 = Debug|x64
		Release|Any CPU = Release|Any CPU
		Release|x64 = Release|x64
	EndGlobalSection
	GlobalSection(ProjectConfigurationPlatforms) = postSolution
		{48297AAE-BB02-4403-99CA-EBE6533CAB6A}.Debug|Any CPU.ActiveCfg = Debug|x64
		{48297AAE-BB02-4403-99CA-EBE6533CAB6A}.Debug|Any CPU.Build.0 = Debug|x64
		{48297AAE-BB02-4403-99CA-EBE6533CAB6A}.Debug|x64.ActiveCfg = Debug|x64
		{48297AAE-BB02-4403-99CA-EBE6533CAB6A}.Debug|x64.Build.0 = Debug|x64
		{48297AAE-BB02-4403-99CA-EBE6533CAB6A}.Release|Any CPU.ActiveCfg = Release|x64
		{48297AAE-BB02-4403-99CA-EBE6533CAB6A}.Release|Any CPU.Build.0 = Release|x64
		{48297AAE-BB02-4403-99CA-EBE6533CAB6A}.Release|x64.ActiveCfg = Release|x64
		{48297AAE-BB02-4403-99CA-EBE6533CAB6A}.Release|x64.Build.0 = Release|x64
		{D2F33520-6AF5-4185-86FD-85B29F6F9D63}.Debug|Any CPU.ActiveCfg = Debug|x64
		{D2F33520-6AF5-4185-86FD-85B29F6F9D63}.Debug|Any CPU.Build.0 = Debug|x64
		{D2F33520-6AF5-4185-86FD-85B29F6F9D63}.Debug|x64.ActiveCfg = Debug|x64
		{D2F33520-6AF5-4185-86FD-85B29F6F9D63}.Debug|x64.Build.0 = Debug|x64
		{D2F33520-6AF5-4185-86FD-85B29F6F9D63}.Release|Any CPU.ActiveCfg = Release|x64
		{D2F33520-6AF5-4185-86FD-85B29F6F9D63}.Release|Any CPU.Build.0 = Release|x64
		{D2F33520-6AF5-4185-86FD-85B29F6F9D63}.Release|x64.ActiveCfg = Release|x64
		{D2F33520-6AF5-4185-86FD-85B29F6F9D63}.Release|x64.Build.0 = Release|x64
		{58915DB0-3D7B-421E-8CED-FA2F91F2E400}.Debug|Any CPU.ActiveCfg = Debug|x64
		{58915DB0-3D7B-421E-8CED-FA2F91F2E400}.Debug|Any CPU.Build.0 = Debug|x64
		{58915DB0-3D7B-421E-8CED-FA2F91F2E400}.Debug|x64.ActiveCfg = Debug|x64
		{58915DB0-3D7B-421E-8CED-FA2F91F2E400}.Debug|x64.Build.0 = Debug|x64
		{58915DB0-3D7B-421E-8CED-FA2F91F2E400}.Release|Any CPU.ActiveCfg = Release|x64
		{58915DB0-3D7B-421E-8CED-FA2F91F2E400}.Release|Any CPU.Build.0 = Release|x64
		{58915DB0-3D7B-421E-8CED-FA2F91F2E400}.Release|x64.ActiveCfg = Release|x64
		{58915DB0-3D7B-421E-8CED-FA2F91F2E400}.Release|x64.Build.0 = Release|x64
		{22286225-B8E5-4D4C-9BE2-9DFC39E7BFFE}.Debug|Any CPU.ActiveCfg = Debug|Any CPU
		{22286225-B8E5-4D4C-9BE2-9DFC39E7BFFE}.Debug|x64.ActiveCfg = Debug|Any CPU
		{22286225-B8E5-4D4C-9BE2-9DFC39E7BFFE}.Release|Any CPU.ActiveCfg = Release|Any CPU
		{22286225-B8E5-4D4C-9BE2-9DFC39E7BFFE}.Release|x64.ActiveCfg = Release|Any CPU
	EndGlobalSection
	GlobalSection(SolutionProperties) = preSolution
		HideSolutionNode = FALSE
	EndGlobalSection
	GlobalSection(ExtensibilityGlobals) = postSolution
		SolutionGuid = {FB5F52A8-80E1-4079-88E6-DF761C478AE8}
	EndGlobalSection
EndGlobal
